
Microsoft Visual Studio Solution File, Format Version 12.00
# Visual Studio Version 17
VisualStudioVersion = 17.4.33213.308
MinimumVisualStudioVersion = 10.0.40219.1
Project("{9A19103F-16F7-4668-BE54-9A1E7A4F7556}") = "Game_of_Life_old", "Game_of_Life_old\Game_of_Life_old.csproj", "{C87E8FEA-37B8-4C85-BBF5-E8721F124D00}"
EndProject
Project("{9A19103F-16F7-4668-BE54-9A1E7A4F7556}") = "Game_of_Life", "Game_of_Life\Game_of_Life.csproj", "{BEBC15EB-1EF4-49CD-B73F-7BC330F0BCD9}"
EndProject
Global
	GlobalSection(SolutionConfigurationPlatforms) = preSolution
		Debug|Any CPU = Debug|Any CPU
		Release|Any CPU = Release|Any CPU
	EndGlobalSection
	GlobalSection(ProjectConfigurationPlatforms) = postSolution
		{C87E8FEA-37B8-4C85-BBF5-E8721F124D00}.Debug|Any CPU.ActiveCfg = Debug|Any CPU
		{C87E8FEA-37B8-4C85-BBF5-E8721F124D00}.Debug|Any CPU.Build.0 = Debug|Any CPU
		{C87E8FEA-37B8-4C85-BBF5-E8721F124D00}.Release|Any CPU.ActiveCfg = Release|Any CPU
		{C87E8FEA-37B8-4C85-BBF5-E8721F124D00}.Release|Any CPU.Build.0 = Release|Any CPU
		{BEBC15EB-1EF4-49CD-B73F-7BC330F0BCD9}.Debug|Any CPU.ActiveCfg = Debug|Any CPU
		{BEBC15EB-1EF4-49CD-B73F-7BC330F0BCD9}.Debug|Any CPU.Build.0 = Debug|Any CPU
		{BEBC15EB-1EF4-49CD-B73F-7BC330F0BCD9}.Release|Any CPU.ActiveCfg = Release|Any CPU
		{BEBC15EB-1EF4-49CD-B73F-7BC330F0BCD9}.Release|Any CPU.Build.0 = Release|Any CPU
	EndGlobalSection
	GlobalSection(SolutionProperties) = preSolution
		HideSolutionNode = FALSE
	EndGlobalSection
	GlobalSection(ExtensibilityGlobals) = postSolution
		SolutionGuid = {3515D9D7-DBE7-4CF6-9EEE-272E06C611C7}
	EndGlobalSection
EndGlobal
